
Microsoft Visual Studio Solution File, Format Version 12.00
# Visual Studio Version 16
VisualStudioVersion = 16.0.29613.14
MinimumVisualStudioVersion = 10.0.40219.1
Project("{FAE04EC0-301F-11D3-BF4B-00C04F79EFBC}") = "AutoService.WEB", "AutoService.WEB\AutoService.WEB.csproj", "{ABCAC3D1-F387-4EBA-BD58-0872CD51E66E}"
EndProject
Project("{FAE04EC0-301F-11D3-BF4B-00C04F79EFBC}") = "CarService.DAL", "..\CarService\CarService.DAL\CarService.DAL.csproj", "{F55D74D0-1804-4CBD-96D4-8CDBD65A177A}"
EndProject
Project("{FAE04EC0-301F-11D3-BF4B-00C04F79EFBC}") = "CarService.BLL", "..\CarService\CarService.BLL\CarService.BLL.csproj", "{268A6774-2E03-4A29-A95C-8623FBFC217F}"
EndProject
Global
	GlobalSection(SolutionConfigurationPlatforms) = preSolution
		Debug|Any CPU = Debug|Any CPU
		Release|Any CPU = Release|Any CPU
	EndGlobalSection
	GlobalSection(ProjectConfigurationPlatforms) = postSolution
		{ABCAC3D1-F387-4EBA-BD58-0872CD51E66E}.Debug|Any CPU.ActiveCfg = Debug|Any CPU
		{ABCAC3D1-F387-4EBA-BD58-0872CD51E66E}.Debug|Any CPU.Build.0 = Debug|Any CPU
		{ABCAC3D1-F387-4EBA-BD58-0872CD51E66E}.Release|Any CPU.ActiveCfg = Release|Any CPU
		{ABCAC3D1-F387-4EBA-BD58-0872CD51E66E}.Release|Any CPU.Build.0 = Release|Any CPU
		{F55D74D0-1804-4CBD-96D4-8CDBD65A177A}.Debug|Any CPU.ActiveCfg = Debug|Any CPU
		{F55D74D0-1804-4CBD-96D4-8CDBD65A177A}.Debug|Any CPU.Build.0 = Debug|Any CPU
		{F55D74D0-1804-4CBD-96D4-8CDBD65A177A}.Release|Any CPU.ActiveCfg = Release|Any CPU
		{F55D74D0-1804-4CBD-96D4-8CDBD65A177A}.Release|Any CPU.Build.0 = Release|Any CPU
		{268A6774-2E03-4A29-A95C-8623FBFC217F}.Debug|Any CPU.ActiveCfg = Debug|Any CPU
		{268A6774-2E03-4A29-A95C-8623FBFC217F}.Debug|Any CPU.Build.0 = Debug|Any CPU
		{268A6774-2E03-4A29-A95C-8623FBFC217F}.Release|Any CPU.ActiveCfg = Release|Any CPU
		{268A6774-2E03-4A29-A95C-8623FBFC217F}.Release|Any CPU.Build.0 = Release|Any CPU
	EndGlobalSection
	GlobalSection(SolutionProperties) = preSolution
		HideSolutionNode = FALSE
	EndGlobalSection
	GlobalSection(ExtensibilityGlobals) = postSolution
		SolutionGuid = {ECD257E5-DC8C-4ECA-AA2F-485C8F3BA196}
	EndGlobalSection
EndGlobal
